// !$*UTF8*$!
{
	archiveVersion = 1;
	classes = {
	};
	objectVersion = 50;
	objects = {

/* Begin PBXBuildFile section */
		17428C7B24CD680E00CABE7B /* AppDelegate.swift in Sources */ = {isa = PBXBuildFile; fileRef = 17428C7A24CD680E00CABE7B /* AppDelegate.swift */; };
		17428C7D24CD680E00CABE7B /* SceneDelegate.swift in Sources */ = {isa = PBXBuildFile; fileRef = 17428C7C24CD680E00CABE7B /* SceneDelegate.swift */; };
		17428C8224CD680E00CABE7B /* Main.storyboard in Resources */ = {isa = PBXBuildFile; fileRef = 17428C8024CD680E00CABE7B /* Main.storyboard */; };
		17428C8424CD680F00CABE7B /* Assets.xcassets in Resources */ = {isa = PBXBuildFile; fileRef = 17428C8324CD680F00CABE7B /* Assets.xcassets */; };
		17428C8724CD680F00CABE7B /* LaunchScreen.storyboard in Resources */ = {isa = PBXBuildFile; fileRef = 17428C8524CD680F00CABE7B /* LaunchScreen.storyboard */; };
		17428C9124CD715400CABE7B /* passCodeView.swift in Sources */ = {isa = PBXBuildFile; fileRef = 17428C9024CD715400CABE7B /* passCodeView.swift */; };
/* End PBXBuildFile section */

/* Begin PBXFileReference section */
		17428C7724CD680E00CABE7B /* passCodeDemo.app */ = {isa = PBXFileReference; explicitFileType = wrapper.application; includeInIndex = 0; path = passCodeDemo.app; sourceTree = BUILT_PRODUCTS_DIR; };
		17428C7A24CD680E00CABE7B /* AppDelegate.swift */ = {isa = PBXFileReference; lastKnownFileType = sourcecode.swift; path = AppDelegate.swift; sourceTree = "<group>"; };
		17428C7C24CD680E00CABE7B /* SceneDelegate.swift */ = {isa = PBXFileReference; lastKnownFileType = sourcecode.swift; path = SceneDelegate.swift; sourceTree = "<group>"; };
		17428C8124CD680E00CABE7B /* Base */ = {isa = PBXFileReference; lastKnownFileType = file.storyboard; name = Base; path = Base.lproj/Main.storyboard; sourceTree = "<group>"; };
		17428C8324CD680F00CABE7B /* Assets.xcassets */ = {isa = PBXFileReference; lastKnownFileType = folder.assetcatalog; path = Assets.xcassets; sourceTree = "<group>"; };
		17428C8624CD680F00CABE7B /* Base */ = {isa = PBXFileReference; lastKnownFileType = file.storyboard; name = Base; path = Base.lproj/LaunchScreen.storyboard; sourceTree = "<group>"; };
		17428C8824CD680F00CABE7B /* Info.plist */ = {isa = PBXFileReference; lastKnownFileType = text.plist.xml; path = Info.plist; sourceTree = "<group>"; };
		17428C9024CD715400CABE7B /* passCodeView.swift */ = {isa = PBXFileReference; lastKnownFileType = sourcecode.swift; path = passCodeView.swift; sourceTree = "<group>"; };
/* End PBXFileReference section */

/* Begin PBXFrameworksBuildPhase section */
		17428C7424CD680E00CABE7B /* Frameworks */ = {
			isa = PBXFrameworksBuildPhase;
			buildActionMask = 2147483647;
			files = (
			);
			runOnlyForDeploymentPostprocessing = 0;
		};
/* End PBXFrameworksBuildPhase section */

/* Begin PBXGroup section */
		17428C6E24CD680E00CABE7B = {
			isa = PBXGroup;
			children = (
				17428C9024CD715400CABE7B /* passCodeView.swift */,
				17428C7924CD680E00CABE7B /* passCodeDemo */,
				17428C7824CD680E00CABE7B /* Products */,
			);
			sourceTree = "<group>";
		};
		17428C7824CD680E00CABE7B /* Products */ = {
			isa = PBXGroup;
			children = (
				17428C7724CD680E00CABE7B /* passCodeDemo.app */,
			);
			name = Products;
			sourceTree = "<group>";
		};
		17428C7924CD680E00CABE7B /* passCodeDemo */ = {
			isa = PBXGroup;
			children = (
				17428C7A24CD680E00CABE7B /* AppDelegate.swift */,
				17428C7C24CD680E00CABE7B /* SceneDelegate.swift */,
				17428C8024CD680E00CABE7B /* Main.storyboard */,
				17428C8324CD680F00CABE7B /* Assets.xcassets */,
				17428C8524CD680F00CABE7B /* LaunchScreen.storyboard */,
				17428C8824CD680F00CABE7B /* Info.plist */,
			);
			path = passCodeDemo;
			sourceTree = "<group>";
		};
/* End PBXGroup section */

/* Begin PBXNativeTarget section */
		17428C7624CD680E00CABE7B /* passCodeDemo */ = {
			isa = PBXNativeTarget;
			buildConfigurationList = 17428C8B24CD680F00CABE7B /* Build configuration list for PBXNativeTarget "passCodeDemo" */;
			buildPhases = (
				17428C7324CD680E00CABE7B /* Sources */,
				17428C7424CD680E00CABE7B /* Frameworks */,
				17428C7524CD680E00CABE7B /* Resources */,
			);
			buildRules = (
			);
			dependencies = (
			);
			name = passCodeDemo;
			productName = passCodeDemo;
			productReference = 17428C7724CD680E00CABE7B /* passCodeDemo.app */;
			productType = "com.apple.product-type.application";
		};
/* End PBXNativeTarget section */

/* Begin PBXProject section */
		17428C6F24CD680E00CABE7B /* Project object */ = {
			isa = PBXProject;
			attributes = {
				LastSwiftUpdateCheck = 1160;
				LastUpgradeCheck = 1160;
				ORGANIZATIONNAME = smirkiiiv;
				TargetAttributes = {
					17428C7624CD680E00CABE7B = {
						CreatedOnToolsVersion = 11.6;
					};
				};
			};
			buildConfigurationList = 17428C7224CD680E00CABE7B /* Build configuration list for PBXProject "passCodeDemo" */;
			compatibilityVersion = "Xcode 9.3";
			developmentRegion = en;
			hasScannedForEncodings = 0;
			knownRegions = (
				en,
				Base,
			);
			mainGroup = 17428C6E24CD680E00CABE7B;
			productRefGroup = 17428C7824CD680E00CABE7B /* Products */;
			projectDirPath = "";
			projectRoot = "";
			targets = (
				17428C7624CD680E00CABE7B /* passCodeDemo */,
			);
		};
/* End PBXProject section */

/* Begin PBXResourcesBuildPhase section */
		17428C7524CD680E00CABE7B /* Resources */ = {
			isa = PBXResourcesBuildPhase;
			buildActionMask = 2147483647;
			files = (
				17428C8724CD680F00CABE7B /* LaunchScreen.storyboard in Resources */,
				17428C8424CD680F00CABE7B /* Assets.xcassets in Resources */,
				17428C8224CD680E00CABE7B /* Main.storyboard in Resources */,
			);
			runOnlyForDeploymentPostprocessing = 0;
		};
/* End PBXResourcesBuildPhase section */

/* Begin PBXSourcesBuildPhase section */
		17428C7324CD680E00CABE7B /* Sources */ = {
			isa = PBXSourcesBuildPhase;
			buildActionMask = 2147483647;
			files = (
				17428C9124CD715400CABE7B /* passCodeView.swift in Sources */,
				17428C7B24CD680E00CABE7B /* AppDelegate.swift in Sources */,
				17428C7D24CD680E00CABE7B /* SceneDelegate.swift in Sources */,
			);
			runOnlyForDeploymentPostprocessing = 0;
		};
/* End PBXSourcesBuildPhase section */

/* Begin PBXVariantGroup section */
		17428C8024CD680E00CABE7B /* Main.storyboard */ = {
			isa = PBXVariantGroup;
			children = (
				17428C8124CD680E00CABE7B /* Base */,
			);
			name = Main.storyboard;
			sourceTree = "<group>";
		};
		17428C8524CD680F00CABE7B /* LaunchScreen.storyboard */ = {
			isa = PBXVariantGroup;
			children = (
				17428C8624CD680F00CABE7B /* Base */,
			);
			name = LaunchScreen.storyboard;
			sourceTree = "<group>";
		};
/* End PBXVariantGroup section */

/* Begin XCBuildConfiguration section */
		17428C8924CD680F00CABE7B /* Debug */ = {
			isa = XCBuildConfiguration;
			buildSettings = {
				ALWAYS_SEARCH_USER_PATHS = NO;
				CLANG_ANALYZER_NONNULL = YES;
				CLANG_ANALYZER_NUMBER_OBJECT_CONVERSION = YES_AGGRESSIVE;
				CLANG_CXX_LANGUAGE_STANDARD = "gnu++14";
				CLANG_CXX_LIBRARY = "libc++";
				CLANG_ENABLE_MODULES = YES;
				CLANG_ENABLE_OBJC_ARC = YES;
				CLANG_ENABLE_OBJC_WEAK = YES;
				CLANG_WARN_BLOCK_CAPTURE_AUTORELEASING = YES;
				CLANG_WARN_BOOL_CONVERSION = YES;
				CLANG_WARN_COMMA = YES;
				CLANG_WARN_CONSTANT_CONVERSION = YES;
				CLANG_WARN_DEPRECATED_OBJC_IMPLEMENTATIONS = YES;
				CLANG_WARN_DIRECT_OBJC_ISA_USAGE = YES_ERROR;
				CLANG_WARN_DOCUMENTATION_COMMENTS = YES;
				CLANG_WARN_EMPTY_BODY = YES;
				CLANG_WARN_ENUM_CONVERSION = YES;
				CLANG_WARN_INFINITE_RECURSION = YES;
				CLANG_WARN_INT_CONVERSION = YES;
				CLANG_WARN_NON_LITERAL_NULL_CONVERSION = YES;
				CLANG_WARN_OBJC_IMPLICIT_RETAIN_SELF = YES;
				CLANG_WARN_OBJC_LITERAL_CONVERSION = YES;
				CLANG_WARN_OBJC_ROOT_CLASS = YES_ERROR;
				CLANG_WARN_RANGE_LOOP_ANALYSIS = YES;
				CLANG_WARN_STRICT_PROTOTYPES = YES;
				CLANG_WARN_SUSPICIOUS_MOVE = YES;
				CLANG_WARN_UNGUARDED_AVAILABILITY = YES_AGGRESSIVE;
				CLANG_WARN_UNREACHABLE_CODE = YES;
				CLANG_WARN__DUPLICATE_METHOD_MATCH = YES;
				COPY_PHASE_STRIP = NO;
				DEBUG_INFORMATION_FORMAT = dwarf;
				ENABLE_STRICT_OBJC_MSGSEND = YES;
				ENABLE_TESTABILITY = YES;
				GCC_C_LANGUAGE_STANDARD = gnu11;
				GCC_DYNAMIC_NO_PIC = NO;
				GCC_NO_COMMON_BLOCKS = YES;
				GCC_OPTIMIZATION_LEVEL = 0;
				GCC_PREPROCESSOR_DEFINITIONS = (
					"DEBUG=1",
					"$(inherited)",
				);
				GCC_WARN_64_TO_32_BIT_CONVERSION = YES;
				GCC_WARN_ABOUT_RETURN_TYPE = YES_ERROR;
				GCC_WARN_UNDECLARED_SELECTOR = YES;
				GCC_WARN_UNINITIALIZED_AUTOS = YES_AGGRESSIVE;
				GCC_WARN_UNUSED_FUNCTION = YES;
				GCC_WARN_UNUSED_VARIABLE = YES;
				IPHONEOS_DEPLOYMENT_TARGET = 13.6;
				MTL_ENABLE_DEBUG_INFO = INCLUDE_SOURCE;
				MTL_FAST_MATH = YES;
				ONLY_ACTIVE_ARCH = YES;
				SDKROOT = iphoneos;
				SWIFT_ACTIVE_COMPILATION_CONDITIONS = DEBUG;
				SWIFT_OPTIMIZATION_LEVEL = "-Onone";
			};
			name = Debug;
		};
		17428C8A24CD680F00CABE7B /* Release */ = {
			isa = XCBuildConfiguration;
			buildSettings = {
				ALWAYS_SEARCH_USER_PATHS = NO;
				CLANG_ANALYZER_NONNULL = YES;
				CLANG_ANALYZER_NUMBER_OBJECT_CONVERSION = YES_AGGRESSIVE;
				CLANG_CXX_LANGUAGE_STANDARD = "gnu++14";
				CLANG_CXX_LIBRARY = "libc++";
				CLANG_ENABLE_MODULES = YES;
				CLANG_ENABLE_OBJC_ARC = YES;
				CLANG_ENABLE_OBJC_WEAK = YES;
				CLANG_WARN_BLOCK_CAPTURE_AUTORELEASING = YES;
				CLANG_WARN_BOOL_CONVERSION = YES;
				CLANG_WARN_COMMA = YES;
				CLANG_WARN_CONSTANT_CONVERSION = YES;
				CLANG_WARN_DEPRECATED_OBJC_IMPLEMENTATIONS = YES;
				CLANG_WARN_DIRECT_OBJC_ISA_USAGE = YES_ERROR;
				CLANG_WARN_DOCUMENTATION_COMMENTS = YES;
				CLANG_WARN_EMPTY_BODY = YES;
				CLANG_WARN_ENUM_CONVERSION = YES;
				CLANG_WARN_INFINITE_RECURSION = YES;
				CLANG_WARN_INT_CONVERSION = YES;
				CLANG_WARN_NON_LITERAL_NULL_CONVERSION = YES;
				CLANG_WARN_OBJC_IMPLICIT_RETAIN_SELF = YES;
				CLANG_WARN_OBJC_LITERAL_CONVERSION = YES;
				CLANG_WARN_OBJC_ROOT_CLASS = YES_ERROR;
				CLANG_WARN_RANGE_LOOP_ANALYSIS = YES;
				CLANG_WARN_STRICT_PROTOTYPES = YES;
				CLANG_WARN_SUSPICIOUS_MOVE = YES;
				CLANG_WARN_UNGUARDED_AVAILABILITY = YES_AGGRESSIVE;
				CLANG_WARN_UNREACHABLE_CODE = YES;
				CLANG_WARN__DUPLICATE_METHOD_MATCH = YES;
				COPY_PHASE_STRIP = NO;
				DEBUG_INFORMATION_FORMAT = "dwarf-with-dsym";
				ENABLE_NS_ASSERTIONS = NO;
				ENABLE_STRICT_OBJC_MSGSEND = YES;
				GCC_C_LANGUAGE_STANDARD = gnu11;
				GCC_NO_COMMON_BLOCKS = YES;
				GCC_WARN_64_TO_32_BIT_CONVERSION = YES;
				GCC_WARN_ABOUT_RETURN_TYPE = YES_ERROR;
				GCC_WARN_UNDECLARED_SELECTOR = YES;
				GCC_WARN_UNINITIALIZED_AUTOS = YES_AGGRESSIVE;
				GCC_WARN_UNUSED_FUNCTION = YES;
				GCC_WARN_UNUSED_VARIABLE = YES;
				IPHONEOS_DEPLOYMENT_TARGET = 13.6;
				MTL_ENABLE_DEBUG_INFO = NO;
				MTL_FAST_MATH = YES;
				SDKROOT = iphoneos;
				SWIFT_COMPILATION_MODE = wholemodule;
				SWIFT_OPTIMIZATION_LEVEL = "-O";
				VALIDATE_PRODUCT = YES;
			};
			name = Release;
		};
		17428C8C24CD680F00CABE7B /* Debug */ = {
			isa = XCBuildConfiguration;
			buildSettings = {
				ASSETCATALOG_COMPILER_APPICON_NAME = AppIcon;
				CODE_SIGN_STYLE = Automatic;
				DEVELOPMENT_TEAM = B58WWRW5W2;
				INFOPLIST_FILE = passCodeDemo/Info.plist;
				LD_RUNPATH_SEARCH_PATHS = (
					"$(inherited)",
					"@executable_path/Frameworks",
				);
				PRODUCT_BUNDLE_IDENTIFIER = smirkiiivAndy.passCodeDemo;
				PRODUCT_NAME = "$(TARGET_NAME)";
				SWIFT_VERSION = 5.0;
				TARGETED_DEVICE_FAMILY = "1,2";
			};
			name = Debug;
		};
		17428C8D24CD680F00CABE7B /* Release */ = {
			isa = XCBuildConfiguration;
			buildSettings = {
				ASSETCATALOG_COMPILER_APPICON_NAME = AppIcon;
				CODE_SIGN_STYLE = Automatic;
				DEVELOPMENT_TEAM = B58WWRW5W2;
				INFOPLIST_FILE = passCodeDemo/Info.plist;
				LD_RUNPATH_SEARCH_PATHS = (
					"$(inherited)",
					"@executable_path/Frameworks",
				);
				PRODUCT_BUNDLE_IDENTIFIER = smirkiiivAndy.passCodeDemo;
				PRODUCT_NAME = "$(TARGET_NAME)";
				SWIFT_VERSION = 5.0;
				TARGETED_DEVICE_FAMILY = "1,2";
			};
			name = Release;
		};
/* End XCBuildConfiguration section */

/* Begin XCConfigurationList section */
		17428C7224CD680E00CABE7B /* Build configuration list for PBXProject "passCodeDemo" */ = {
			isa = XCConfigurationList;
			buildConfigurations = (
				17428C8924CD680F00CABE7B /* Debug */,
				17428C8A24CD680F00CABE7B /* Release */,
			);
			defaultConfigurationIsVisible = 0;
			defaultConfigurationName = Release;
		};
		17428C8B24CD680F00CABE7B /* Build configuration list for PBXNativeTarget "passCodeDemo" */ = {
			isa = XCConfigurationList;
			buildConfigurations = (
				17428C8C24CD680F00CABE7B /* Debug */,
				17428C8D24CD680F00CABE7B /* Release */,
			);
			defaultConfigurationIsVisible = 0;
			defaultConfigurationName = Release;
		};
/* End XCConfigurationList section */
	};
	rootObject = 17428C6F24CD680E00CABE7B /* Project object */;
}
